
Microsoft Visual Studio Solution File, Format Version 12.00
# Visual Studio Version 17
VisualStudioVersion = 17.0.31903.59
MinimumVisualStudioVersion = 10.0.40219.1
Project("{2150E333-8FDC-42A3-9474-1A3956D46DE8}") = "src", "src", "{1C244737-D6BD-4BB0-8437-8C9DFBF300D6}"
EndProject
Project("{FAE04EC0-301F-11D3-BF4B-00C04F79EFBC}") = "TrayWebApp.App", "src\TrayWebApp.App\TrayWebApp.App.csproj", "{9B9D1B2C-74B0-4AF9-A341-2D906DD8D37D}"
EndProject
Project("{FAE04EC0-301F-11D3-BF4B-00C04F79EFBC}") = "TrayWebApp.Core", "src\TrayWebApp.Core\TrayWebApp.Core.csproj", "{39D5904F-E2B3-4C49-8413-4456579CB258}"
EndProject
Global
	GlobalSection(SolutionConfigurationPlatforms) = preSolution
		Debug|Any CPU = Debug|Any CPU
		Release|Any CPU = Release|Any CPU
	EndGlobalSection
	GlobalSection(SolutionProperties) = preSolution
		HideSolutionNode = FALSE
	EndGlobalSection
	GlobalSection(ProjectConfigurationPlatforms) = postSolution
		{9B9D1B2C-74B0-4AF9-A341-2D906DD8D37D}.Debug|Any CPU.ActiveCfg = Debug|Any CPU
		{9B9D1B2C-74B0-4AF9-A341-2D906DD8D37D}.Debug|Any CPU.Build.0 = Debug|Any CPU
		{9B9D1B2C-74B0-4AF9-A341-2D906DD8D37D}.Release|Any CPU.ActiveCfg = Release|Any CPU
		{9B9D1B2C-74B0-4AF9-A341-2D906DD8D37D}.Release|Any CPU.Build.0 = Release|Any CPU
		{39D5904F-E2B3-4C49-8413-4456579CB258}.Debug|Any CPU.ActiveCfg = Debug|Any CPU
		{39D5904F-E2B3-4C49-8413-4456579CB258}.Debug|Any CPU.Build.0 = Debug|Any CPU
		{39D5904F-E2B3-4C49-8413-4456579CB258}.Release|Any CPU.ActiveCfg = Release|Any CPU
		{39D5904F-E2B3-4C49-8413-4456579CB258}.Release|Any CPU.Build.0 = Release|Any CPU
	EndGlobalSection
	GlobalSection(NestedProjects) = preSolution
		{9B9D1B2C-74B0-4AF9-A341-2D906DD8D37D} = {1C244737-D6BD-4BB0-8437-8C9DFBF300D6}
		{39D5904F-E2B3-4C49-8413-4456579CB258} = {1C244737-D6BD-4BB0-8437-8C9DFBF300D6}
	EndGlobalSection
EndGlobal
